
Microsoft Visual Studio Solution File, Format Version 12.00
# Visual Studio Version 17
VisualStudioVersion = 17.0.31903.59
MinimumVisualStudioVersion = 10.0.40219.1
Project("{FAE04EC0-301F-11D3-BF4B-00C04F79EFBC}") = "TestmvcApp", "TestmvcApp\TestmvcApp.csproj", "{8B52B1D8-59D7-4B60-8A89-FBB00458412F}"
EndProject
Project("{FAE04EC0-301F-11D3-BF4B-00C04F79EFBC}") = "BOL", "BOL\BOL.csproj", "{0DB9E602-6061-4C1C-AA78-FD0393B5D518}"
EndProject
Project("{FAE04EC0-301F-11D3-BF4B-00C04F79EFBC}") = "DAL", "DAL\DAL.csproj", "{8AD0A444-6621-4ED7-9210-66A2AEA10EEB}"
EndProject
Project("{FAE04EC0-301F-11D3-BF4B-00C04F79EFBC}") = "BLL", "BLL\BLL.csproj", "{1A82D61F-B1D1-4AD5-B448-CF8D04587589}"
EndProject
Global
	GlobalSection(SolutionConfigurationPlatforms) = preSolution
		Debug|Any CPU = Debug|Any CPU
		Release|Any CPU = Release|Any CPU
	EndGlobalSection
	GlobalSection(SolutionProperties) = preSolution
		HideSolutionNode = FALSE
	EndGlobalSection
	GlobalSection(ProjectConfigurationPlatforms) = postSolution
		{8B52B1D8-59D7-4B60-8A89-FBB00458412F}.Debug|Any CPU.ActiveCfg = Debug|Any CPU
		{8B52B1D8-59D7-4B60-8A89-FBB00458412F}.Debug|Any CPU.Build.0 = Debug|Any CPU
		{8B52B1D8-59D7-4B60-8A89-FBB00458412F}.Release|Any CPU.ActiveCfg = Release|Any CPU
		{8B52B1D8-59D7-4B60-8A89-FBB00458412F}.Release|Any CPU.Build.0 = Release|Any CPU
		{0DB9E602-6061-4C1C-AA78-FD0393B5D518}.Debug|Any CPU.ActiveCfg = Debug|Any CPU
		{0DB9E602-6061-4C1C-AA78-FD0393B5D518}.Debug|Any CPU.Build.0 = Debug|Any CPU
		{0DB9E602-6061-4C1C-AA78-FD0393B5D518}.Release|Any CPU.ActiveCfg = Release|Any CPU
		{0DB9E602-6061-4C1C-AA78-FD0393B5D518}.Release|Any CPU.Build.0 = Release|Any CPU
		{8AD0A444-6621-4ED7-9210-66A2AEA10EEB}.Debug|Any CPU.ActiveCfg = Debug|Any CPU
		{8AD0A444-6621-4ED7-9210-66A2AEA10EEB}.Debug|Any CPU.Build.0 = Debug|Any CPU
		{8AD0A444-6621-4ED7-9210-66A2AEA10EEB}.Release|Any CPU.ActiveCfg = Release|Any CPU
		{8AD0A444-6621-4ED7-9210-66A2AEA10EEB}.Release|Any CPU.Build.0 = Release|Any CPU
		{1A82D61F-B1D1-4AD5-B448-CF8D04587589}.Debug|Any CPU.ActiveCfg = Debug|Any CPU
		{1A82D61F-B1D1-4AD5-B448-CF8D04587589}.Debug|Any CPU.Build.0 = Debug|Any CPU
		{1A82D61F-B1D1-4AD5-B448-CF8D04587589}.Release|Any CPU.ActiveCfg = Release|Any CPU
		{1A82D61F-B1D1-4AD5-B448-CF8D04587589}.Release|Any CPU.Build.0 = Release|Any CPU
	EndGlobalSection
EndGlobal
